
Microsoft Visual Studio Solution File, Format Version 12.00
# Visual Studio 11
Project("{F2A71F9B-5D33-465A-A702-920D77279786}") = "FStat", "FStat\FStat.fsproj", "{707C9B89-BBB9-4F0A-A8D2-E97A5A5CD3A5}"
EndProject
Global
	GlobalSection(SolutionConfigurationPlatforms) = preSolution
		Debug|Any CPU = Debug|Any CPU
		Release|Any CPU = Release|Any CPU
	EndGlobalSection
	GlobalSection(ProjectConfigurationPlatforms) = postSolution
		{707C9B89-BBB9-4F0A-A8D2-E97A5A5CD3A5}.Debug|Any CPU.ActiveCfg = Debug|Any CPU
		{707C9B89-BBB9-4F0A-A8D2-E97A5A5CD3A5}.Debug|Any CPU.Build.0 = Debug|Any CPU
		{707C9B89-BBB9-4F0A-A8D2-E97A5A5CD3A5}.Release|Any CPU.ActiveCfg = Release|Any CPU
		{707C9B89-BBB9-4F0A-A8D2-E97A5A5CD3A5}.Release|Any CPU.Build.0 = Release|Any CPU
	EndGlobalSection
	GlobalSection(SolutionProperties) = preSolution
		HideSolutionNode = FALSE
	EndGlobalSection
EndGlobal
